github.com/prasanth-27/go-practice/modularExercises/ex_19 v0.0.0-20241225144527-82f3e839379b h1:ojQLZlQmp7hFFhb8wXMb1K6eUhoDr2F7WH75WXN82sg=
github.com/prasanth-27/go-practice/modularExercises/ex_19 v0.0.0-20241225144527-82f3e839379b/go.mod h1:305n1lz3ZBekTqN5OqojioxQ9RHxOKlm5OKtKdGOaR8=
github.com/prasanth-27/go-practice/modularExercises/first v0.0.0-20241222143819-b8b3393770db h1:nQz5mbYwyhpBaT22P3MDSNpx5HnQbsB6cMoB98QpuL8=
github.com/prasanth-27/go-practice/modularExercises/first v0.0.0-20241222143819-b8b3393770db/go.mod h1:0LKk3W/jk9hxBB4hUNBnoaFL2JBngfDBe8Rj3cch7W0=
